<?xml version="1.0" encoding="utf-8"?>
<Project ToolsVersion="4.0" xmlns="http://schemas.microsoft.com/developer/msbuild/2003">
  <ItemGroup>
    <Filter Include="Core">
      <UniqueIdentifier>{d523b2a1-c899-4e97-b6d3-de2f5e44122e}</UniqueIdentifier>
    </Filter>
    <Filter Include="Modules">
      <UniqueIdentifier>{97dc3147-8c3e-4616-ad5e-150b752f14f7}</UniqueIdentifier>
    </Filter>
    <Filter Include="Helpers">
      <UniqueIdentifier>{15907a4c-8a18-466c-ab94-5327cc0e6837}</UniqueIdentifier>
    </Filter>
    <Filter Include="Resources">
      <UniqueIdentifier>{6ce2c867-0b80-4dad-81c2-5d94b4814762}</UniqueIdentifier>
    </Filter>
    <Filter Include="Importers">
      <UniqueIdentifier>{31f79f9a-76a0-4231-a9d0-36db391540ae}</UniqueIdentifier>
    </Filter>
  </ItemGroup>
  <ItemGroup>
    <ClCompile Include="Application.cpp">
      <Filter>Core</Filter>
    </ClCompile>
    <ClCompile Include="Main.cpp">
      <Filter>Core</Filter>
    </ClCompile>
    <ClCompile Include="Timer.cpp">
      <Filter>Helpers</Filter>
    </ClCompile>
    <ClCompile Include="WindowModule.cpp">
      <Filter>Modules</Filter>
    </ClCompile>
    <ClCompile Include="InputModule.cpp">
      <Filter>Modules</Filter>
    </ClCompile>
    <ClCompile Include="RendererModule.cpp">
      <Filter>Modules</Filter>
    </ClCompile>
    <ClCompile Include="Log.cpp">
      <Filter>Helpers</Filter>
    </ClCompile>
    <ClCompile Include="FileSystemModule.cpp">
      <Filter>Modules</Filter>
    </ClCompile>
    <ClCompile Include="ResourceManagerModule.cpp">
      <Filter>Modules</Filter>
    </ClCompile>
    <ClCompile Include="md5.cpp">
      <Filter>Helpers</Filter>
    </ClCompile>
    <ClCompile Include="Resource.cpp">
      <Filter>Resources</Filter>
    </ClCompile>
    <ClCompile Include="TextureImporter.cpp">
      <Filter>Importers</Filter>
    </ClCompile>
    <ClCompile Include="Texture.cpp">
      <Filter>Resources</Filter>
    </ClCompile>
    <ClCompile Include="VulkanModule.cpp">
      <Filter>Modules</Filter>
    </ClCompile>
  </ItemGroup>
  <ItemGroup>
    <ClInclude Include="Application.h">
      <Filter>Core</Filter>
    </ClInclude>
    <ClInclude Include="Module.h">
      <Filter>Core</Filter>
    </ClInclude>
    <ClInclude Include="Timer.h">
      <Filter>Helpers</Filter>
    </ClInclude>
    <ClInclude Include="WindowModule.h">
      <Filter>Modules</Filter>
    </ClInclude>
    <ClInclude Include="InputModule.h">
      <Filter>Modules</Filter>
    </ClInclude>
    <ClInclude Include="RendererModule.h">
      <Filter>Modules</Filter>
    </ClInclude>
    <ClInclude Include="Globals.h">
      <Filter>Helpers</Filter>
    </ClInclude>
    <ClInclude Include="FileSystemModule.h">
      <Filter>Modules</Filter>
    </ClInclude>
    <ClInclude Include="ResourceManagerModule.h">
      <Filter>Modules</Filter>
    </ClInclude>
    <ClInclude Include="md5.h">
      <Filter>Helpers</Filter>
    </ClInclude>
    <ClInclude Include="Resource.h">
      <Filter>Resources</Filter>
    </ClInclude>
    <ClInclude Include="TextureImporter.h">
      <Filter>Importers</Filter>
    </ClInclude>
    <ClInclude Include="Texture.h">
      <Filter>Resources</Filter>
    </ClInclude>
    <ClInclude Include="VulkanModule.h">
      <Filter>Modules</Filter>
    </ClInclude>
    <ClInclude Include="Vertex.h" />
  </ItemGroup>
</Project>