<?xml version="1.0" encoding="utf-8"?>
<Project ToolsVersion="4.0" xmlns="http://schemas.microsoft.com/developer/msbuild/2003">
  <ItemGroup>
    <Filter Include="Core">
      <UniqueIdentifier>{d523b2a1-c899-4e97-b6d3-de2f5e44122e}</UniqueIdentifier>
    </Filter>
    <Filter Include="Modules">
      <UniqueIdentifier>{97dc3147-8c3e-4616-ad5e-150b752f14f7}</UniqueIdentifier>
    </Filter>
    <Filter Include="Helpers">
      <UniqueIdentifier>{15907a4c-8a18-466c-ab94-5327cc0e6837}</UniqueIdentifier>
    </Filter>
  </ItemGroup>
  <ItemGroup>
    <ClCompile Include="Application.cpp">
      <Filter>Core</Filter>
    </ClCompile>
    <ClCompile Include="Main.cpp">
      <Filter>Core</Filter>
    </ClCompile>
    <ClCompile Include="Timer.cpp">
      <Filter>Helpers</Filter>
    </ClCompile>
    <ClCompile Include="WindowModule.cpp">
      <Filter>Modules</Filter>
    </ClCompile>
    <ClCompile Include="InputModule.cpp">
      <Filter>Modules</Filter>
    </ClCompile>
    <ClCompile Include="RendererModule.cpp">
      <Filter>Modules</Filter>
    </ClCompile>
    <ClCompile Include="Log.cpp">
      <Filter>Helpers</Filter>
    </ClCompile>
  </ItemGroup>
  <ItemGroup>
    <ClInclude Include="Application.h">
      <Filter>Core</Filter>
    </ClInclude>
    <ClInclude Include="Module.h">
      <Filter>Core</Filter>
    </ClInclude>
    <ClInclude Include="Timer.h">
      <Filter>Helpers</Filter>
    </ClInclude>
    <ClInclude Include="WindowModule.h">
      <Filter>Modules</Filter>
    </ClInclude>
    <ClInclude Include="InputModule.h">
      <Filter>Modules</Filter>
    </ClInclude>
    <ClInclude Include="RendererModule.h">
      <Filter>Modules</Filter>
    </ClInclude>
    <ClInclude Include="Globals.h">
      <Filter>Helpers</Filter>
    </ClInclude>
  </ItemGroup>
</Project>