<?xml version="1.0" encoding="utf-8"?>
<Project ToolsVersion="4.0" xmlns="http://schemas.microsoft.com/developer/msbuild/2003">
  <ItemGroup>
    <Filter Include="Core">
      <UniqueIdentifier>{d523b2a1-c899-4e97-b6d3-de2f5e44122e}</UniqueIdentifier>
    </Filter>
    <Filter Include="Modules">
      <UniqueIdentifier>{97dc3147-8c3e-4616-ad5e-150b752f14f7}</UniqueIdentifier>
    </Filter>
    <Filter Include="Helpers">
      <UniqueIdentifier>{15907a4c-8a18-466c-ab94-5327cc0e6837}</UniqueIdentifier>
    </Filter>
    <Filter Include="Resources">
      <UniqueIdentifier>{6ce2c867-0b80-4dad-81c2-5d94b4814762}</UniqueIdentifier>
    </Filter>
    <Filter Include="Importers">
      <UniqueIdentifier>{31f79f9a-76a0-4231-a9d0-36db391540ae}</UniqueIdentifier>
    </Filter>
    <Filter Include="GameObject">
      <UniqueIdentifier>{e80d776b-a92d-439d-903c-fe4fe43e4a30}</UniqueIdentifier>
    </Filter>
    <Filter Include="GameObject\Components">
      <UniqueIdentifier>{d1f7ecb5-6fe1-4f21-973b-2da9a152dfa8}</UniqueIdentifier>
    </Filter>
    <Filter Include="Editor">
      <UniqueIdentifier>{92ecefe1-6fdc-44f0-96d1-bb7ed7839f0b}</UniqueIdentifier>
    </Filter>
    <Filter Include="ThirdParty">
      <UniqueIdentifier>{ddc1b09e-c761-40de-803b-e66d1b6663d8}</UniqueIdentifier>
    </Filter>
    <Filter Include="ThirdParty\ImGui">
      <UniqueIdentifier>{df4dcbbf-9706-4543-80ce-28f0352d9d71}</UniqueIdentifier>
    </Filter>
  </ItemGroup>
  <ItemGroup>
    <ClCompile Include="Application.cpp">
      <Filter>Core</Filter>
    </ClCompile>
    <ClCompile Include="Main.cpp">
      <Filter>Core</Filter>
    </ClCompile>
    <ClCompile Include="Timer.cpp">
      <Filter>Helpers</Filter>
    </ClCompile>
    <ClCompile Include="WindowModule.cpp">
      <Filter>Modules</Filter>
    </ClCompile>
    <ClCompile Include="InputModule.cpp">
      <Filter>Modules</Filter>
    </ClCompile>
    <ClCompile Include="RendererModule.cpp">
      <Filter>Modules</Filter>
    </ClCompile>
    <ClCompile Include="Log.cpp">
      <Filter>Helpers</Filter>
    </ClCompile>
    <ClCompile Include="FileSystemModule.cpp">
      <Filter>Modules</Filter>
    </ClCompile>
    <ClCompile Include="ResourceManagerModule.cpp">
      <Filter>Modules</Filter>
    </ClCompile>
    <ClCompile Include="md5.cpp">
      <Filter>Helpers</Filter>
    </ClCompile>
    <ClCompile Include="Resource.cpp">
      <Filter>Resources</Filter>
    </ClCompile>
    <ClCompile Include="TextureImporter.cpp">
      <Filter>Importers</Filter>
    </ClCompile>
    <ClCompile Include="Texture.cpp">
      <Filter>Resources</Filter>
    </ClCompile>
    <ClCompile Include="VulkanModule.cpp">
      <Filter>Modules</Filter>
    </ClCompile>
    <ClCompile Include="GameObject.cpp">
      <Filter>GameObject</Filter>
    </ClCompile>
    <ClCompile Include="Component.cpp">
      <Filter>GameObject\Components</Filter>
    </ClCompile>
    <ClCompile Include="ComponentTransform.cpp">
      <Filter>GameObject\Components</Filter>
    </ClCompile>
    <ClCompile Include="ComponentSprite.cpp">
      <Filter>GameObject\Components</Filter>
    </ClCompile>
    <ClCompile Include="CameraModule.cpp">
      <Filter>Modules</Filter>
    </ClCompile>
    <ClCompile Include="SceneModule.cpp">
      <Filter>Modules</Filter>
    </ClCompile>
    <ClCompile Include="EditorModule.cpp">
      <Filter>Modules</Filter>
    </ClCompile>
    <ClCompile Include="InspectorWindow.cpp">
      <Filter>Editor</Filter>
    </ClCompile>
    <ClCompile Include="ThirdParty\ImGui\imgui.cpp">
      <Filter>ThirdParty\ImGui</Filter>
    </ClCompile>
    <ClCompile Include="ThirdParty\ImGui\imgui_demo.cpp">
      <Filter>ThirdParty\ImGui</Filter>
    </ClCompile>
    <ClCompile Include="ThirdParty\ImGui\imgui_draw.cpp">
      <Filter>ThirdParty\ImGui</Filter>
    </ClCompile>
    <ClCompile Include="ThirdParty\ImGui\imgui_impl_glfw.cpp">
      <Filter>ThirdParty\ImGui</Filter>
    </ClCompile>
    <ClCompile Include="ThirdParty\ImGui\imgui_impl_vulkan.cpp">
      <Filter>ThirdParty\ImGui</Filter>
    </ClCompile>
    <ClCompile Include="ThirdParty\ImGui\imgui_widgets.cpp">
      <Filter>ThirdParty\ImGui</Filter>
    </ClCompile>
    <ClCompile Include="HierarchyWindow.cpp">
      <Filter>Editor</Filter>
    </ClCompile>
    <ClCompile Include="Data.cpp">
      <Filter>Helpers</Filter>
    </ClCompile>
    <ClCompile Include="AssetsWindow.cpp">
      <Filter>Editor</Filter>
    </ClCompile>
    <ClCompile Include="ResourcesManager.cpp" />
  </ItemGroup>
  <ItemGroup>
    <ClInclude Include="Application.h">
      <Filter>Core</Filter>
    </ClInclude>
    <ClInclude Include="Module.h">
      <Filter>Core</Filter>
    </ClInclude>
    <ClInclude Include="Timer.h">
      <Filter>Helpers</Filter>
    </ClInclude>
    <ClInclude Include="WindowModule.h">
      <Filter>Modules</Filter>
    </ClInclude>
    <ClInclude Include="InputModule.h">
      <Filter>Modules</Filter>
    </ClInclude>
    <ClInclude Include="RendererModule.h">
      <Filter>Modules</Filter>
    </ClInclude>
    <ClInclude Include="Globals.h">
      <Filter>Helpers</Filter>
    </ClInclude>
    <ClInclude Include="FileSystemModule.h">
      <Filter>Modules</Filter>
    </ClInclude>
    <ClInclude Include="ResourceManagerModule.h">
      <Filter>Modules</Filter>
    </ClInclude>
    <ClInclude Include="md5.h">
      <Filter>Helpers</Filter>
    </ClInclude>
    <ClInclude Include="Resource.h">
      <Filter>Resources</Filter>
    </ClInclude>
    <ClInclude Include="TextureImporter.h">
      <Filter>Importers</Filter>
    </ClInclude>
    <ClInclude Include="Texture.h">
      <Filter>Resources</Filter>
    </ClInclude>
    <ClInclude Include="VulkanModule.h">
      <Filter>Modules</Filter>
    </ClInclude>
    <ClInclude Include="Vertex.h" />
    <ClInclude Include="GameObject.h">
      <Filter>GameObject</Filter>
    </ClInclude>
    <ClInclude Include="Component.h">
      <Filter>GameObject\Components</Filter>
    </ClInclude>
    <ClInclude Include="ComponentTransform.h">
      <Filter>GameObject\Components</Filter>
    </ClInclude>
    <ClInclude Include="ComponentSprite.h">
      <Filter>GameObject\Components</Filter>
    </ClInclude>
    <ClInclude Include="CameraModule.h">
      <Filter>Modules</Filter>
    </ClInclude>
    <ClInclude Include="SceneModule.h">
      <Filter>Modules</Filter>
    </ClInclude>
    <ClInclude Include="EditorModule.h">
      <Filter>Modules</Filter>
    </ClInclude>
    <ClInclude Include="EditorWindow.h">
      <Filter>Editor</Filter>
    </ClInclude>
    <ClInclude Include="InspectorWindow.h">
      <Filter>Editor</Filter>
    </ClInclude>
    <ClInclude Include="ThirdParty\ImGui\imconfig.h">
      <Filter>ThirdParty\ImGui</Filter>
    </ClInclude>
    <ClInclude Include="ThirdParty\ImGui\imgui.h">
      <Filter>ThirdParty\ImGui</Filter>
    </ClInclude>
    <ClInclude Include="ThirdParty\ImGui\imgui_impl_glfw.h">
      <Filter>ThirdParty\ImGui</Filter>
    </ClInclude>
    <ClInclude Include="ThirdParty\ImGui\imgui_impl_vulkan.h">
      <Filter>ThirdParty\ImGui</Filter>
    </ClInclude>
    <ClInclude Include="ThirdParty\ImGui\imgui_internal.h">
      <Filter>ThirdParty\ImGui</Filter>
    </ClInclude>
    <ClInclude Include="ThirdParty\ImGui\imstb_rectpack.h">
      <Filter>ThirdParty\ImGui</Filter>
    </ClInclude>
    <ClInclude Include="ThirdParty\ImGui\imstb_textedit.h">
      <Filter>ThirdParty\ImGui</Filter>
    </ClInclude>
    <ClInclude Include="ThirdParty\ImGui\imstb_truetype.h">
      <Filter>ThirdParty\ImGui</Filter>
    </ClInclude>
    <ClInclude Include="HierarchyWindow.h">
      <Filter>Editor</Filter>
    </ClInclude>
    <ClInclude Include="Data.h">
      <Filter>Helpers</Filter>
    </ClInclude>
    <ClInclude Include="AssetsWindow.h">
      <Filter>Editor</Filter>
    </ClInclude>
    <ClInclude Include="ResourcesManager.h" />
  </ItemGroup>
</Project>